
Microsoft Visual Studio Solution File, Format Version 12.00
# Visual Studio Version 17
VisualStudioVersion = 17.13.35825.156 d17.13
MinimumVisualStudioVersion = 10.0.40219.1
Project("{FAE04EC0-301F-11D3-BF4B-00C04F79EFBC}") = "study36", "study36\study36.csproj", "{034F8810-A94C-4903-9B67-68D5B57B17BE}"
EndProject
Global
	GlobalSection(SolutionConfigurationPlatforms) = preSolution
		Debug|Any CPU = Debug|Any CPU
		Release|Any CPU = Release|Any CPU
	EndGlobalSection
	GlobalSection(ProjectConfigurationPlatforms) = postSolution
		{034F8810-A94C-4903-9B67-68D5B57B17BE}.Debug|Any CPU.ActiveCfg = Debug|Any CPU
		{034F8810-A94C-4903-9B67-68D5B57B17BE}.Debug|Any CPU.Build.0 = Debug|Any CPU
		{034F8810-A94C-4903-9B67-68D5B57B17BE}.Release|Any CPU.ActiveCfg = Release|Any CPU
		{034F8810-A94C-4903-9B67-68D5B57B17BE}.Release|Any CPU.Build.0 = Release|Any CPU
	EndGlobalSection
	GlobalSection(SolutionProperties) = preSolution
		HideSolutionNode = FALSE
	EndGlobalSection
	GlobalSection(ExtensibilityGlobals) = postSolution
		SolutionGuid = {744DB343-4962-4485-BCF4-3C278F7A1CBC}
	EndGlobalSection
EndGlobal
