
Microsoft Visual Studio Solution File, Format Version 12.00
# Visual Studio Version 17
VisualStudioVersion = 17.13.35818.85 d17.13
MinimumVisualStudioVersion = 10.0.40219.1
Project("{FAE04EC0-301F-11D3-BF4B-00C04F79EFBC}") = "study21", "study21\study21.csproj", "{5383D2BB-FEEE-49F0-836A-FFC70ACFFECE}"
EndProject
Global
	GlobalSection(SolutionConfigurationPlatforms) = preSolution
		Debug|Any CPU = Debug|Any CPU
		Release|Any CPU = Release|Any CPU
	EndGlobalSection
	GlobalSection(ProjectConfigurationPlatforms) = postSolution
		{5383D2BB-FEEE-49F0-836A-FFC70ACFFECE}.Debug|Any CPU.ActiveCfg = Debug|Any CPU
		{5383D2BB-FEEE-49F0-836A-FFC70ACFFECE}.Debug|Any CPU.Build.0 = Debug|Any CPU
		{5383D2BB-FEEE-49F0-836A-FFC70ACFFECE}.Release|Any CPU.ActiveCfg = Release|Any CPU
		{5383D2BB-FEEE-49F0-836A-FFC70ACFFECE}.Release|Any CPU.Build.0 = Release|Any CPU
	EndGlobalSection
	GlobalSection(SolutionProperties) = preSolution
		HideSolutionNode = FALSE
	EndGlobalSection
	GlobalSection(ExtensibilityGlobals) = postSolution
		SolutionGuid = {56324BB1-6F87-437E-A1E8-F36265FD96D2}
	EndGlobalSection
EndGlobal
