
Microsoft Visual Studio Solution File, Format Version 12.00
# Visual Studio Version 17
VisualStudioVersion = 17.13.35818.85 d17.13
MinimumVisualStudioVersion = 10.0.40219.1
Project("{FAE04EC0-301F-11D3-BF4B-00C04F79EFBC}") = "studyReadLine", "studyReadLine\studyReadLine.csproj", "{E44DE705-601A-4D7E-B538-21FA5A18B20D}"
EndProject
Global
	GlobalSection(SolutionConfigurationPlatforms) = preSolution
		Debug|Any CPU = Debug|Any CPU
		Release|Any CPU = Release|Any CPU
	EndGlobalSection
	GlobalSection(ProjectConfigurationPlatforms) = postSolution
		{E44DE705-601A-4D7E-B538-21FA5A18B20D}.Debug|Any CPU.ActiveCfg = Debug|Any CPU
		{E44DE705-601A-4D7E-B538-21FA5A18B20D}.Debug|Any CPU.Build.0 = Debug|Any CPU
		{E44DE705-601A-4D7E-B538-21FA5A18B20D}.Release|Any CPU.ActiveCfg = Release|Any CPU
		{E44DE705-601A-4D7E-B538-21FA5A18B20D}.Release|Any CPU.Build.0 = Release|Any CPU
	EndGlobalSection
	GlobalSection(SolutionProperties) = preSolution
		HideSolutionNode = FALSE
	EndGlobalSection
	GlobalSection(ExtensibilityGlobals) = postSolution
		SolutionGuid = {31A49B41-4075-488F-B710-D754775DB34A}
	EndGlobalSection
EndGlobal
