
Microsoft Visual Studio Solution File, Format Version 12.00
# Visual Studio Version 17
VisualStudioVersion = 17.13.35818.85 d17.13
MinimumVisualStudioVersion = 10.0.40219.1
Project("{FAE04EC0-301F-11D3-BF4B-00C04F79EFBC}") = "Homework1", "Homework1\Homework1.csproj", "{9FDE3CB7-49AA-4E73-A46D-5E1468F96DF7}"
EndProject
Global
	GlobalSection(SolutionConfigurationPlatforms) = preSolution
		Debug|Any CPU = Debug|Any CPU
		Release|Any CPU = Release|Any CPU
	EndGlobalSection
	GlobalSection(ProjectConfigurationPlatforms) = postSolution
		{9FDE3CB7-49AA-4E73-A46D-5E1468F96DF7}.Debug|Any CPU.ActiveCfg = Debug|Any CPU
		{9FDE3CB7-49AA-4E73-A46D-5E1468F96DF7}.Debug|Any CPU.Build.0 = Debug|Any CPU
		{9FDE3CB7-49AA-4E73-A46D-5E1468F96DF7}.Release|Any CPU.ActiveCfg = Release|Any CPU
		{9FDE3CB7-49AA-4E73-A46D-5E1468F96DF7}.Release|Any CPU.Build.0 = Release|Any CPU
	EndGlobalSection
	GlobalSection(SolutionProperties) = preSolution
		HideSolutionNode = FALSE
	EndGlobalSection
	GlobalSection(ExtensibilityGlobals) = postSolution
		SolutionGuid = {5B3A5A2E-37E0-47EE-81B6-A165CB38314E}
	EndGlobalSection
EndGlobal
