
Microsoft Visual Studio Solution File, Format Version 12.00
# Visual Studio Version 17
VisualStudioVersion = 17.13.35825.156 d17.13
MinimumVisualStudioVersion = 10.0.40219.1
Project("{FAE04EC0-301F-11D3-BF4B-00C04F79EFBC}") = "Study35", "Study35\Study35.csproj", "{5661914C-9E1A-4809-86B0-B26F3FA477A9}"
EndProject
Global
	GlobalSection(SolutionConfigurationPlatforms) = preSolution
		Debug|Any CPU = Debug|Any CPU
		Release|Any CPU = Release|Any CPU
	EndGlobalSection
	GlobalSection(ProjectConfigurationPlatforms) = postSolution
		{5661914C-9E1A-4809-86B0-B26F3FA477A9}.Debug|Any CPU.ActiveCfg = Debug|Any CPU
		{5661914C-9E1A-4809-86B0-B26F3FA477A9}.Debug|Any CPU.Build.0 = Debug|Any CPU
		{5661914C-9E1A-4809-86B0-B26F3FA477A9}.Release|Any CPU.ActiveCfg = Release|Any CPU
		{5661914C-9E1A-4809-86B0-B26F3FA477A9}.Release|Any CPU.Build.0 = Release|Any CPU
	EndGlobalSection
	GlobalSection(SolutionProperties) = preSolution
		HideSolutionNode = FALSE
	EndGlobalSection
	GlobalSection(ExtensibilityGlobals) = postSolution
		SolutionGuid = {DAB4884D-DFF8-48DE-BBA1-F782CE123543}
	EndGlobalSection
EndGlobal
