
Microsoft Visual Studio Solution File, Format Version 12.00
# Visual Studio Version 17
VisualStudioVersion = 17.13.35825.156 d17.13
MinimumVisualStudioVersion = 10.0.40219.1
Project("{FAE04EC0-301F-11D3-BF4B-00C04F79EFBC}") = "study43", "study43\study43.csproj", "{9BF3446E-B188-4358-B7C9-15A590EB90B3}"
EndProject
Global
	GlobalSection(SolutionConfigurationPlatforms) = preSolution
		Debug|Any CPU = Debug|Any CPU
		Release|Any CPU = Release|Any CPU
	EndGlobalSection
	GlobalSection(ProjectConfigurationPlatforms) = postSolution
		{9BF3446E-B188-4358-B7C9-15A590EB90B3}.Debug|Any CPU.ActiveCfg = Debug|Any CPU
		{9BF3446E-B188-4358-B7C9-15A590EB90B3}.Debug|Any CPU.Build.0 = Debug|Any CPU
		{9BF3446E-B188-4358-B7C9-15A590EB90B3}.Release|Any CPU.ActiveCfg = Release|Any CPU
		{9BF3446E-B188-4358-B7C9-15A590EB90B3}.Release|Any CPU.Build.0 = Release|Any CPU
	EndGlobalSection
	GlobalSection(SolutionProperties) = preSolution
		HideSolutionNode = FALSE
	EndGlobalSection
	GlobalSection(ExtensibilityGlobals) = postSolution
		SolutionGuid = {3DF8E07B-4427-49E7-8B83-DF12BDC18408}
	EndGlobalSection
EndGlobal
