
Microsoft Visual Studio Solution File, Format Version 12.00
# Visual Studio Version 17
VisualStudioVersion = 17.13.35825.156 d17.13
MinimumVisualStudioVersion = 10.0.40219.1
Project("{FAE04EC0-301F-11D3-BF4B-00C04F79EFBC}") = "study29", "study29\study29.csproj", "{3294D4B2-8DFA-4015-80C3-F0D5A59F35C1}"
EndProject
Global
	GlobalSection(SolutionConfigurationPlatforms) = preSolution
		Debug|Any CPU = Debug|Any CPU
		Release|Any CPU = Release|Any CPU
	EndGlobalSection
	GlobalSection(ProjectConfigurationPlatforms) = postSolution
		{3294D4B2-8DFA-4015-80C3-F0D5A59F35C1}.Debug|Any CPU.ActiveCfg = Debug|Any CPU
		{3294D4B2-8DFA-4015-80C3-F0D5A59F35C1}.Debug|Any CPU.Build.0 = Debug|Any CPU
		{3294D4B2-8DFA-4015-80C3-F0D5A59F35C1}.Release|Any CPU.ActiveCfg = Release|Any CPU
		{3294D4B2-8DFA-4015-80C3-F0D5A59F35C1}.Release|Any CPU.Build.0 = Release|Any CPU
	EndGlobalSection
	GlobalSection(SolutionProperties) = preSolution
		HideSolutionNode = FALSE
	EndGlobalSection
	GlobalSection(ExtensibilityGlobals) = postSolution
		SolutionGuid = {8F4F6C03-6B2B-40FE-AF09-FC682DE1FCA1}
	EndGlobalSection
EndGlobal
