
Microsoft Visual Studio Solution File, Format Version 12.00
# Visual Studio Version 17
VisualStudioVersion = 17.13.35825.156 d17.13
MinimumVisualStudioVersion = 10.0.40219.1
Project("{FAE04EC0-301F-11D3-BF4B-00C04F79EFBC}") = "study38", "study38\study38.csproj", "{587F4B7D-5D39-4359-B43D-6F49840118EC}"
EndProject
Global
	GlobalSection(SolutionConfigurationPlatforms) = preSolution
		Debug|Any CPU = Debug|Any CPU
		Release|Any CPU = Release|Any CPU
	EndGlobalSection
	GlobalSection(ProjectConfigurationPlatforms) = postSolution
		{587F4B7D-5D39-4359-B43D-6F49840118EC}.Debug|Any CPU.ActiveCfg = Debug|Any CPU
		{587F4B7D-5D39-4359-B43D-6F49840118EC}.Debug|Any CPU.Build.0 = Debug|Any CPU
		{587F4B7D-5D39-4359-B43D-6F49840118EC}.Release|Any CPU.ActiveCfg = Release|Any CPU
		{587F4B7D-5D39-4359-B43D-6F49840118EC}.Release|Any CPU.Build.0 = Release|Any CPU
	EndGlobalSection
	GlobalSection(SolutionProperties) = preSolution
		HideSolutionNode = FALSE
	EndGlobalSection
	GlobalSection(ExtensibilityGlobals) = postSolution
		SolutionGuid = {3ACE7132-ED37-4F3C-96B3-CC0BA135FB97}
	EndGlobalSection
EndGlobal
