
Microsoft Visual Studio Solution File, Format Version 12.00
# Visual Studio Version 17
VisualStudioVersion = 17.13.35825.156 d17.13
MinimumVisualStudioVersion = 10.0.40219.1
Project("{FAE04EC0-301F-11D3-BF4B-00C04F79EFBC}") = "study41", "study41\study41.csproj", "{5A0D1BA9-1274-4082-82E0-43CCB04CA731}"
EndProject
Global
	GlobalSection(SolutionConfigurationPlatforms) = preSolution
		Debug|Any CPU = Debug|Any CPU
		Release|Any CPU = Release|Any CPU
	EndGlobalSection
	GlobalSection(ProjectConfigurationPlatforms) = postSolution
		{5A0D1BA9-1274-4082-82E0-43CCB04CA731}.Debug|Any CPU.ActiveCfg = Debug|Any CPU
		{5A0D1BA9-1274-4082-82E0-43CCB04CA731}.Debug|Any CPU.Build.0 = Debug|Any CPU
		{5A0D1BA9-1274-4082-82E0-43CCB04CA731}.Release|Any CPU.ActiveCfg = Release|Any CPU
		{5A0D1BA9-1274-4082-82E0-43CCB04CA731}.Release|Any CPU.Build.0 = Release|Any CPU
	EndGlobalSection
	GlobalSection(SolutionProperties) = preSolution
		HideSolutionNode = FALSE
	EndGlobalSection
	GlobalSection(ExtensibilityGlobals) = postSolution
		SolutionGuid = {0D762FA0-B63D-4871-9B62-C6EE172D3E9A}
	EndGlobalSection
EndGlobal
