
Microsoft Visual Studio Solution File, Format Version 12.00
# Visual Studio Version 17
VisualStudioVersion = 17.13.35825.156 d17.13
MinimumVisualStudioVersion = 10.0.40219.1
Project("{FAE04EC0-301F-11D3-BF4B-00C04F79EFBC}") = "study40", "study40\study40.csproj", "{47AB1E20-3FCF-4275-8E9D-4EB4AF637579}"
EndProject
Global
	GlobalSection(SolutionConfigurationPlatforms) = preSolution
		Debug|Any CPU = Debug|Any CPU
		Release|Any CPU = Release|Any CPU
	EndGlobalSection
	GlobalSection(ProjectConfigurationPlatforms) = postSolution
		{47AB1E20-3FCF-4275-8E9D-4EB4AF637579}.Debug|Any CPU.ActiveCfg = Debug|Any CPU
		{47AB1E20-3FCF-4275-8E9D-4EB4AF637579}.Debug|Any CPU.Build.0 = Debug|Any CPU
		{47AB1E20-3FCF-4275-8E9D-4EB4AF637579}.Release|Any CPU.ActiveCfg = Release|Any CPU
		{47AB1E20-3FCF-4275-8E9D-4EB4AF637579}.Release|Any CPU.Build.0 = Release|Any CPU
	EndGlobalSection
	GlobalSection(SolutionProperties) = preSolution
		HideSolutionNode = FALSE
	EndGlobalSection
	GlobalSection(ExtensibilityGlobals) = postSolution
		SolutionGuid = {249E9B9F-1612-43A7-BD9D-51DA22A37273}
	EndGlobalSection
EndGlobal
