
Microsoft Visual Studio Solution File, Format Version 12.00
# Visual Studio Version 17
VisualStudioVersion = 17.13.35825.156 d17.13
MinimumVisualStudioVersion = 10.0.40219.1
Project("{FAE04EC0-301F-11D3-BF4B-00C04F79EFBC}") = "TEXTRPG", "TEXTRPG\TEXTRPG.csproj", "{01C73148-B1EB-44B4-B1B5-33BBE9A895DF}"
EndProject
Global
	GlobalSection(SolutionConfigurationPlatforms) = preSolution
		Debug|Any CPU = Debug|Any CPU
		Release|Any CPU = Release|Any CPU
	EndGlobalSection
	GlobalSection(ProjectConfigurationPlatforms) = postSolution
		{01C73148-B1EB-44B4-B1B5-33BBE9A895DF}.Debug|Any CPU.ActiveCfg = Debug|Any CPU
		{01C73148-B1EB-44B4-B1B5-33BBE9A895DF}.Debug|Any CPU.Build.0 = Debug|Any CPU
		{01C73148-B1EB-44B4-B1B5-33BBE9A895DF}.Release|Any CPU.ActiveCfg = Release|Any CPU
		{01C73148-B1EB-44B4-B1B5-33BBE9A895DF}.Release|Any CPU.Build.0 = Release|Any CPU
	EndGlobalSection
	GlobalSection(SolutionProperties) = preSolution
		HideSolutionNode = FALSE
	EndGlobalSection
	GlobalSection(ExtensibilityGlobals) = postSolution
		SolutionGuid = {394588EC-CB42-4405-94BA-5EB3F4A6BFE6}
	EndGlobalSection
EndGlobal
