
Microsoft Visual Studio Solution File, Format Version 12.00
# Visual Studio Version 17
VisualStudioVersion = 17.13.35818.85 d17.13
MinimumVisualStudioVersion = 10.0.40219.1
Project("{FAE04EC0-301F-11D3-BF4B-00C04F79EFBC}") = "LikeLion2", "LikeLion2\LikeLion2.csproj", "{A4054B2B-F68B-4981-B847-D8FADA2FAC46}"
EndProject
Global
	GlobalSection(SolutionConfigurationPlatforms) = preSolution
		Debug|Any CPU = Debug|Any CPU
		Release|Any CPU = Release|Any CPU
	EndGlobalSection
	GlobalSection(ProjectConfigurationPlatforms) = postSolution
		{A4054B2B-F68B-4981-B847-D8FADA2FAC46}.Debug|Any CPU.ActiveCfg = Debug|Any CPU
		{A4054B2B-F68B-4981-B847-D8FADA2FAC46}.Debug|Any CPU.Build.0 = Debug|Any CPU
		{A4054B2B-F68B-4981-B847-D8FADA2FAC46}.Release|Any CPU.ActiveCfg = Release|Any CPU
		{A4054B2B-F68B-4981-B847-D8FADA2FAC46}.Release|Any CPU.Build.0 = Release|Any CPU
	EndGlobalSection
	GlobalSection(SolutionProperties) = preSolution
		HideSolutionNode = FALSE
	EndGlobalSection
	GlobalSection(ExtensibilityGlobals) = postSolution
		SolutionGuid = {EDDC1E8E-3A60-4529-B003-E964C6B406B5}
	EndGlobalSection
EndGlobal
