
Microsoft Visual Studio Solution File, Format Version 12.00
# Visual Studio Version 17
VisualStudioVersion = 17.13.35825.156 d17.13
MinimumVisualStudioVersion = 10.0.40219.1
Project("{FAE04EC0-301F-11D3-BF4B-00C04F79EFBC}") = "study39", "study39\study39.csproj", "{27063F86-2453-4EEC-BB77-80354D14EAEE}"
EndProject
Global
	GlobalSection(SolutionConfigurationPlatforms) = preSolution
		Debug|Any CPU = Debug|Any CPU
		Release|Any CPU = Release|Any CPU
	EndGlobalSection
	GlobalSection(ProjectConfigurationPlatforms) = postSolution
		{27063F86-2453-4EEC-BB77-80354D14EAEE}.Debug|Any CPU.ActiveCfg = Debug|Any CPU
		{27063F86-2453-4EEC-BB77-80354D14EAEE}.Debug|Any CPU.Build.0 = Debug|Any CPU
		{27063F86-2453-4EEC-BB77-80354D14EAEE}.Release|Any CPU.ActiveCfg = Release|Any CPU
		{27063F86-2453-4EEC-BB77-80354D14EAEE}.Release|Any CPU.Build.0 = Release|Any CPU
	EndGlobalSection
	GlobalSection(SolutionProperties) = preSolution
		HideSolutionNode = FALSE
	EndGlobalSection
	GlobalSection(ExtensibilityGlobals) = postSolution
		SolutionGuid = {D2A847F2-3707-4FED-AD76-056DC07DFB38}
	EndGlobalSection
EndGlobal
